
Microsoft Visual Studio Solution File, Format Version 12.00
# Visual Studio Version 16
VisualStudioVersion = 16.0.30114.105
MinimumVisualStudioVersion = 10.0.40219.1
Project("{8BC9CEB8-8B4A-11D0-8D11-00A0C91BC942}") = "Exercise_1.1", "Exercise_1.1\Exercise_1.1.vcxproj", "{909221E6-C3D3-4045-BF66-14F1A9CE039E}"
EndProject
Project("{8BC9CEB8-8B4A-11D0-8D11-00A0C91BC942}") = "Exercise_1.2", "Exercise_1.2\Exercise_1.2.vcxproj", "{40B93D3E-9F4C-4629-95EE-AFF445836FFC}"
EndProject
Project("{2150E333-8FDC-42A3-9474-1A3956D46DE8}") = "Chapter_01", "Chapter_01", "{912CE214-00D6-4B7F-A388-37178778E8BC}"
EndProject
Project("{2150E333-8FDC-42A3-9474-1A3956D46DE8}") = "Chapter_02", "Chapter_02", "{A210E1E5-F919-4B34-A6E5-32AABF049AB3}"
EndProject
Project("{8BC9CEB8-8B4A-11D0-8D11-00A0C91BC942}") = "Section_1.2", "Section_1.2\Section_1.2.vcxproj", "{752F1891-9834-48F9-913E-78E58C6205C9}"
EndProject
Project("{8BC9CEB8-8B4A-11D0-8D11-00A0C91BC942}") = "Exercise_1.3", "Exercise_1.3\Exercise_1.3.vcxproj", "{B7B21761-C701-4762-B665-3485155BCAB6}"
EndProject
Project("{8BC9CEB8-8B4A-11D0-8D11-00A0C91BC942}") = "Exercise_1.4", "Exercise_1.4\Exercise_1.4.vcxproj", "{E0C8B63E-E6D2-4705-8D0F-F5AC37DDEFA7}"
EndProject
Project("{8BC9CEB8-8B4A-11D0-8D11-00A0C91BC942}") = "Exercise_1.5", "Exercise_1.5\Exercise_1.5.vcxproj", "{3E81D574-8F55-48D5-8CEF-FE9E3DAF3420}"
EndProject
Project("{8BC9CEB8-8B4A-11D0-8D11-00A0C91BC942}") = "Exercise_1.6", "Exercise_1.6\Exercise_1.6.vcxproj", "{06B90D73-3ADF-4771-9BE9-2B998CA6F7CB}"
EndProject
Project("{8BC9CEB8-8B4A-11D0-8D11-00A0C91BC942}") = "Exercise_1.7", "Exercise_1.7\Exercise_1.7.vcxproj", "{2D4C6D36-0383-4C46-A79E-F31CF3697AD2}"
EndProject
Project("{8BC9CEB8-8B4A-11D0-8D11-00A0C91BC942}") = "Exercise_1.8", "Exercise_1.8\Exercise_1.8.vcxproj", "{8D6D7AD3-078B-406A-8330-0EA4AB14935C}"
EndProject
Project("{8BC9CEB8-8B4A-11D0-8D11-00A0C91BC942}") = "Exercise_1.9", "Exercise_1.9\Exercise_1.9.vcxproj", "{0E21948B-1819-4883-8D85-8BD9F0EAB148}"
EndProject
Project("{8BC9CEB8-8B4A-11D0-8D11-00A0C91BC942}") = "Exercise_1.10", "Exercise_1.10\Exercise_1.10.vcxproj", "{4C807862-17E6-4A50-8A1C-54596BCF91FC}"
EndProject
Project("{8BC9CEB8-8B4A-11D0-8D11-00A0C91BC942}") = "Exercise_1.11", "Exercise_1.11\Exercise_1.11.vcxproj", "{0F850763-0144-4754-9AA5-63CDC16BBE4F}"
EndProject
Project("{8BC9CEB8-8B4A-11D0-8D11-00A0C91BC942}") = "Exercise_1.12", "Exercise_1.12\Exercise_1.12.vcxproj", "{504E51A5-F45C-4CBE-8E32-D41BB0B1BD77}"
EndProject
Project("{8BC9CEB8-8B4A-11D0-8D11-00A0C91BC942}") = "Exercise_1.13", "Exercise_1.13\Exercise_1.13.vcxproj", "{99EAC8A8-19A0-4FC4-98A2-1B1A6BA2BC14}"
EndProject
Project("{8BC9CEB8-8B4A-11D0-8D11-00A0C91BC942}") = "Exercise_1.16", "Exercise_1.16\Exercise_1.16.vcxproj", "{2F8EAB00-5192-41BC-B5A0-DF11716F3F87}"
EndProject
Project("{8BC9CEB8-8B4A-11D0-8D11-00A0C91BC942}") = "Exercise_1.17", "Exercise_1.17\Exercise_1.17.vcxproj", "{B65C35FC-0576-4B39-A4A4-6EFE435016D8}"
EndProject
Project("{8BC9CEB8-8B4A-11D0-8D11-00A0C91BC942}") = "Exercise_1.20", "Exercise_1.20\Exercise_1.20.vcxproj", "{09218AA6-ABFD-4020-9313-45A0742DEACD}"
EndProject
Project("{8BC9CEB8-8B4A-11D0-8D11-00A0C91BC942}") = "Exercise_1.22", "Exercise_1.22\Exercise_1.22.vcxproj", "{8B3596C0-222B-456A-A4C4-5090C8093249}"
EndProject
Project("{8BC9CEB8-8B4A-11D0-8D11-00A0C91BC942}") = "Exercise_1.21", "Exercise_1.21\Exercise_1.21.vcxproj", "{5368E929-1C8B-4883-B826-150FCA096362}"
EndProject
Project("{8BC9CEB8-8B4A-11D0-8D11-00A0C91BC942}") = "Exercise_1.23", "Exercise_1.23\Exercise_1.23.vcxproj", "{01D0955E-C345-436D-AA85-7E377D33E1D6}"
EndProject
Project("{8BC9CEB8-8B4A-11D0-8D11-00A0C91BC942}") = "Exercise_1.25", "Exercise_1.25\Exercise_1.25.vcxproj", "{D03ADE9A-A63B-4196-921A-8905F4CC2235}"
EndProject
Project("{8BC9CEB8-8B4A-11D0-8D11-00A0C91BC942}") = "Exercise_2.4", "Exercise_2.4\Exercise_2.4.vcxproj", "{3670BA3A-EC7E-44D5-BFA8-BC3E5FFE924F}"
EndProject
Project("{8BC9CEB8-8B4A-11D0-8D11-00A0C91BC942}") = "Exercise_2.8", "Exercise_2.8\Exercise_2.8.vcxproj", "{BE3D402F-D317-417F-AF89-4046A82A0033}"
EndProject
Project("{8BC9CEB8-8B4A-11D0-8D11-00A0C91BC942}") = "Exercise_2.9", "Exercise_2.9\Exercise_2.9.vcxproj", "{2CDF36B7-6F54-453F-9E59-5CBF8E14D01D}"
EndProject
Project("{8BC9CEB8-8B4A-11D0-8D11-00A0C91BC942}") = "Exercise_2.10", "Exercise_2.10\Exercise_2.10.vcxproj", "{4C90B179-163A-4E43-B9E7-61406FC4063C}"
EndProject
Project("{8BC9CEB8-8B4A-11D0-8D11-00A0C91BC942}") = "Exercise_2.14", "Exercise_2.14\Exercise_2.14.vcxproj", "{57F3FB8F-616B-4A87-8B35-3BA589211F66}"
EndProject
Project("{8BC9CEB8-8B4A-11D0-8D11-00A0C91BC942}") = "Exercise_2.16", "Exercise_2.16\Exercise_2.16.vcxproj", "{60B0CC45-2C98-4ECD-8F71-27F91BC815B4}"
EndProject
Project("{8BC9CEB8-8B4A-11D0-8D11-00A0C91BC942}") = "Exercise_2.20", "Exercise_2.20\Exercise_2.20.vcxproj", "{8A20A8ED-0E65-4991-9A7F-2A218932C1EC}"
EndProject
Project("{8BC9CEB8-8B4A-11D0-8D11-00A0C91BC942}") = "Exercise_2.21", "Exercise_2.21\Exercise_2.21.vcxproj", "{6C64A790-1A33-451A-B6F7-9D57C793635E}"
EndProject
Project("{8BC9CEB8-8B4A-11D0-8D11-00A0C91BC942}") = "Exercise_2.34", "Exercise_2.34\Exercise_2.34.vcxproj", "{1E41B61F-358C-420F-803A-738C98A406BF}"
EndProject
Project("{8BC9CEB8-8B4A-11D0-8D11-00A0C91BC942}") = "Exercise_2.35", "Exercise_2.35\Exercise_2.35.vcxproj", "{59898FC1-01B0-4438-9076-EF990C3AEAB5}"
EndProject
Project("{8BC9CEB8-8B4A-11D0-8D11-00A0C91BC942}") = "Exercise_2.40", "Exercise_2.40\Exercise_2.40.vcxproj", "{38765574-4E5A-452B-9C55-7D6709B8138C}"
EndProject
Project("{8BC9CEB8-8B4A-11D0-8D11-00A0C91BC942}") = "Exercise_2.41", "Exercise_2.41\Exercise_2.41.vcxproj", "{072E75CB-7474-43CD-9A14-D7EC1078BFF6}"
EndProject
Project("{8BC9CEB8-8B4A-11D0-8D11-00A0C91BC942}") = "Exercise_2.42", "Exercise_2.42\Exercise_2.42.vcxproj", "{1529B793-6589-44A0-9C15-4BFE293DE673}"
EndProject
Project("{2150E333-8FDC-42A3-9474-1A3956D46DE8}") = "Chapter_03", "Chapter_03", "{6E6A2236-267E-4DB7-82C1-38BBE2E1CD9A}"
EndProject
Project("{8BC9CEB8-8B4A-11D0-8D11-00A0C91BC942}") = "Exercise_3.1", "Exercise_3.1\Exercise_3.1.vcxproj", "{5EA01BC3-5FE0-44D0-8C71-38A40F67079F}"
EndProject
Project("{8BC9CEB8-8B4A-11D0-8D11-00A0C91BC942}") = "Exercise_3.2", "Exercise_3.2\Exercise_3.2.vcxproj", "{2F64ED14-F76A-4AD0-9CB3-445EEE10FFE0}"
EndProject
Project("{8BC9CEB8-8B4A-11D0-8D11-00A0C91BC942}") = "Exercise_3.4", "Exercise_3.4\Exercise_3.4.vcxproj", "{A52833B8-CEA1-414E-BEB8-7A7FADB9233D}"
EndProject
Project("{8BC9CEB8-8B4A-11D0-8D11-00A0C91BC942}") = "Exercise_3.5", "Exercise_3.5\Exercise_3.5.vcxproj", "{BAA374BA-FDEF-4B8F-AB3B-3471C5144A78}"
EndProject
Project("{8BC9CEB8-8B4A-11D0-8D11-00A0C91BC942}") = "Exercise_3.6", "Exercise_3.6\Exercise_3.6.vcxproj", "{3119D151-BBDD-4A82-A4E3-94E469554091}"
EndProject
Project("{8BC9CEB8-8B4A-11D0-8D11-00A0C91BC942}") = "Exercise_3.7", "Exercise_3.7\Exercise_3.7.vcxproj", "{EB17C444-29D3-4178-BE4B-ECB028EAF9DD}"
EndProject
Project("{8BC9CEB8-8B4A-11D0-8D11-00A0C91BC942}") = "Exercise_3.9", "Exercise_3.9\Exercise_3.9.vcxproj", "{4ED021A0-2F1A-4999-BF88-C7AEDB66C37A}"
EndProject
Project("{8BC9CEB8-8B4A-11D0-8D11-00A0C91BC942}") = "Exercise_3.10", "Exercise_3.10\Exercise_3.10.vcxproj", "{CBBEB390-5703-4C11-8AD8-D43F033278B0}"
EndProject
Project("{8BC9CEB8-8B4A-11D0-8D11-00A0C91BC942}") = "Exercise_3.14", "Exercise_3.14\Exercise_3.14.vcxproj", "{A0F2B4C8-7D88-4DCE-9A96-DFE3EAB17E32}"
EndProject
Project("{8BC9CEB8-8B4A-11D0-8D11-00A0C91BC942}") = "Exercise_3.16", "Exercise_3.16\Exercise_3.16.vcxproj", "{0DB18089-13E6-4833-A9C2-64A6A682992C}"
EndProject
Project("{8BC9CEB8-8B4A-11D0-8D11-00A0C91BC942}") = "Exercise_3.17", "Exercise_3.17\Exercise_3.17.vcxproj", "{75CDC664-AC39-4AFE-9755-0FD7884F2055}"
EndProject
Project("{8BC9CEB8-8B4A-11D0-8D11-00A0C91BC942}") = "Exercise_3.19", "Exercise_3.19\Exercise_3.19.vcxproj", "{35DF20AB-D2D8-452E-9686-D566A70CC3AB}"
EndProject
Project("{8BC9CEB8-8B4A-11D0-8D11-00A0C91BC942}") = "Exercise_3.20", "Exercise_3.20\Exercise_3.20.vcxproj", "{EF0F0384-CA5D-4AEE-8C7B-3C0D0A31086F}"
EndProject
Project("{8BC9CEB8-8B4A-11D0-8D11-00A0C91BC942}") = "Exercise_3.21", "Exercise_3.21\Exercise_3.21.vcxproj", "{4DA9D8BD-71D1-4636-AEC2-A1F907327B22}"
EndProject
Project("{8BC9CEB8-8B4A-11D0-8D11-00A0C91BC942}") = "Exercise_3.22", "Exercise_3.22\Exercise_3.22.vcxproj", "{B8C3942D-DB58-4FEF-AC38-D39E1DEB4382}"
EndProject
Project("{8BC9CEB8-8B4A-11D0-8D11-00A0C91BC942}") = "Exercise_3.23", "Exercise_3.23\Exercise_3.23.vcxproj", "{941A883A-3310-435F-ADB0-A0D3C259FF0D}"
EndProject
Project("{8BC9CEB8-8B4A-11D0-8D11-00A0C91BC942}") = "Exercise_3.24", "Exercise_3.24\Exercise_3.24.vcxproj", "{00B00439-7B03-46A4-B19F-223E8B3A4D42}"
EndProject
Project("{8BC9CEB8-8B4A-11D0-8D11-00A0C91BC942}") = "Exercise_3.25", "Exercise_3.25\Exercise_3.25.vcxproj", "{72A56EDC-6B70-4691-95A2-C20210C8B0D7}"
EndProject
Project("{8BC9CEB8-8B4A-11D0-8D11-00A0C91BC942}") = "Exercise_3.27", "Exercise_3.27\Exercise_3.27.vcxproj", "{91D4094F-E14F-40A6-A1C6-0C2B2CDABDBC}"
EndProject
Project("{8BC9CEB8-8B4A-11D0-8D11-00A0C91BC942}") = "Exercise_3.30", "Exercise_3.30\Exercise_3.30.vcxproj", "{A40E6955-1E7F-4C7B-AD9B-40F57039D61E}"
EndProject
Project("{8BC9CEB8-8B4A-11D0-8D11-00A0C91BC942}") = "Exercise_3.31", "Exercise_3.31\Exercise_3.31.vcxproj", "{E3AA6773-C20A-4BB8-9799-72D745990FA0}"
EndProject
Project("{8BC9CEB8-8B4A-11D0-8D11-00A0C91BC942}") = "Exercise_3.35", "Exercise_3.35\Exercise_3.35.vcxproj", "{ABDEE62A-4ADD-45BA-AC81-4E06AB4F5096}"
EndProject
Project("{8BC9CEB8-8B4A-11D0-8D11-00A0C91BC942}") = "Exercise_3.37", "Exercise_3.37\Exercise_3.37.vcxproj", "{772A263F-0EC3-4261-B959-051D354F5A67}"
EndProject
Project("{8BC9CEB8-8B4A-11D0-8D11-00A0C91BC942}") = "Exercise_3.39", "Exercise_3.39\Exercise_3.39.vcxproj", "{DAEE8D2C-98F8-4D8F-B78A-7EEB87142D69}"
EndProject
Project("{8BC9CEB8-8B4A-11D0-8D11-00A0C91BC942}") = "Exercise_3.40", "Exercise_3.40\Exercise_3.40.vcxproj", "{1EB994C4-F5CF-48BC-876E-2579CEFE645C}"
EndProject
Project("{8BC9CEB8-8B4A-11D0-8D11-00A0C91BC942}") = "Exercise_3.41", "Exercise_3.41\Exercise_3.41.vcxproj", "{B9B166DC-CF59-4620-81A0-68EB8A48E956}"
EndProject
Global
	GlobalSection(SolutionConfigurationPlatforms) = preSolution
		Debug|x64 = Debug|x64
		Debug|x86 = Debug|x86
		Release|x64 = Release|x64
		Release|x86 = Release|x86
	EndGlobalSection
	GlobalSection(ProjectConfigurationPlatforms) = postSolution
		{909221E6-C3D3-4045-BF66-14F1A9CE039E}.Debug|x64.ActiveCfg = Debug|x64
		{909221E6-C3D3-4045-BF66-14F1A9CE039E}.Debug|x64.Build.0 = Debug|x64
		{909221E6-C3D3-4045-BF66-14F1A9CE039E}.Debug|x86.ActiveCfg = Debug|Win32
		{909221E6-C3D3-4045-BF66-14F1A9CE039E}.Debug|x86.Build.0 = Debug|Win32
		{909221E6-C3D3-4045-BF66-14F1A9CE039E}.Release|x64.ActiveCfg = Release|x64
		{909221E6-C3D3-4045-BF66-14F1A9CE039E}.Release|x64.Build.0 = Release|x64
		{909221E6-C3D3-4045-BF66-14F1A9CE039E}.Release|x86.ActiveCfg = Release|Win32
		{909221E6-C3D3-4045-BF66-14F1A9CE039E}.Release|x86.Build.0 = Release|Win32
		{40B93D3E-9F4C-4629-95EE-AFF445836FFC}.Debug|x64.ActiveCfg = Debug|x64
		{40B93D3E-9F4C-4629-95EE-AFF445836FFC}.Debug|x64.Build.0 = Debug|x64
		{40B93D3E-9F4C-4629-95EE-AFF445836FFC}.Debug|x86.ActiveCfg = Debug|Win32
		{40B93D3E-9F4C-4629-95EE-AFF445836FFC}.Debug|x86.Build.0 = Debug|Win32
		{40B93D3E-9F4C-4629-95EE-AFF445836FFC}.Release|x64.ActiveCfg = Release|x64
		{40B93D3E-9F4C-4629-95EE-AFF445836FFC}.Release|x64.Build.0 = Release|x64
		{40B93D3E-9F4C-4629-95EE-AFF445836FFC}.Release|x86.ActiveCfg = Release|Win32
		{40B93D3E-9F4C-4629-95EE-AFF445836FFC}.Release|x86.Build.0 = Release|Win32
		{752F1891-9834-48F9-913E-78E58C6205C9}.Debug|x64.ActiveCfg = Debug|x64
		{752F1891-9834-48F9-913E-78E58C6205C9}.Debug|x64.Build.0 = Debug|x64
		{752F1891-9834-48F9-913E-78E58C6205C9}.Debug|x86.ActiveCfg = Debug|Win32
		{752F1891-9834-48F9-913E-78E58C6205C9}.Debug|x86.Build.0 = Debug|Win32
		{752F1891-9834-48F9-913E-78E58C6205C9}.Release|x64.ActiveCfg = Release|x64
		{752F1891-9834-48F9-913E-78E58C6205C9}.Release|x64.Build.0 = Release|x64
		{752F1891-9834-48F9-913E-78E58C6205C9}.Release|x86.ActiveCfg = Release|Win32
		{752F1891-9834-48F9-913E-78E58C6205C9}.Release|x86.Build.0 = Release|Win32
		{B7B21761-C701-4762-B665-3485155BCAB6}.Debug|x64.ActiveCfg = Debug|x64
		{B7B21761-C701-4762-B665-3485155BCAB6}.Debug|x64.Build.0 = Debug|x64
		{B7B21761-C701-4762-B665-3485155BCAB6}.Debug|x86.ActiveCfg = Debug|Win32
		{B7B21761-C701-4762-B665-3485155BCAB6}.Debug|x86.Build.0 = Debug|Win32
		{B7B21761-C701-4762-B665-3485155BCAB6}.Release|x64.ActiveCfg = Release|x64
		{B7B21761-C701-4762-B665-3485155BCAB6}.Release|x64.Build.0 = Release|x64
		{B7B21761-C701-4762-B665-3485155BCAB6}.Release|x86.ActiveCfg = Release|Win32
		{B7B21761-C701-4762-B665-3485155BCAB6}.Release|x86.Build.0 = Release|Win32
		{E0C8B63E-E6D2-4705-8D0F-F5AC37DDEFA7}.Debug|x64.ActiveCfg = Debug|x64
		{E0C8B63E-E6D2-4705-8D0F-F5AC37DDEFA7}.Debug|x64.Build.0 = Debug|x64
		{E0C8B63E-E6D2-4705-8D0F-F5AC37DDEFA7}.Debug|x86.ActiveCfg = Debug|Win32
		{E0C8B63E-E6D2-4705-8D0F-F5AC37DDEFA7}.Debug|x86.Build.0 = Debug|Win32
		{E0C8B63E-E6D2-4705-8D0F-F5AC37DDEFA7}.Release|x64.ActiveCfg = Release|x64
		{E0C8B63E-E6D2-4705-8D0F-F5AC37DDEFA7}.Release|x64.Build.0 = Release|x64
		{E0C8B63E-E6D2-4705-8D0F-F5AC37DDEFA7}.Release|x86.ActiveCfg = Release|Win32
		{E0C8B63E-E6D2-4705-8D0F-F5AC37DDEFA7}.Release|x86.Build.0 = Release|Win32
		{3E81D574-8F55-48D5-8CEF-FE9E3DAF3420}.Debug|x64.ActiveCfg = Debug|x64
		{3E81D574-8F55-48D5-8CEF-FE9E3DAF3420}.Debug|x64.Build.0 = Debug|x64
		{3E81D574-8F55-48D5-8CEF-FE9E3DAF3420}.Debug|x86.ActiveCfg = Debug|Win32
		{3E81D574-8F55-48D5-8CEF-FE9E3DAF3420}.Debug|x86.Build.0 = Debug|Win32
		{3E81D574-8F55-48D5-8CEF-FE9E3DAF3420}.Release|x64.ActiveCfg = Release|x64
		{3E81D574-8F55-48D5-8CEF-FE9E3DAF3420}.Release|x64.Build.0 = Release|x64
		{3E81D574-8F55-48D5-8CEF-FE9E3DAF3420}.Release|x86.ActiveCfg = Release|Win32
		{3E81D574-8F55-48D5-8CEF-FE9E3DAF3420}.Release|x86.Build.0 = Release|Win32
		{06B90D73-3ADF-4771-9BE9-2B998CA6F7CB}.Debug|x64.ActiveCfg = Debug|x64
		{06B90D73-3ADF-4771-9BE9-2B998CA6F7CB}.Debug|x64.Build.0 = Debug|x64
		{06B90D73-3ADF-4771-9BE9-2B998CA6F7CB}.Debug|x86.ActiveCfg = Debug|Win32
		{06B90D73-3ADF-4771-9BE9-2B998CA6F7CB}.Debug|x86.Build.0 = Debug|Win32
		{06B90D73-3ADF-4771-9BE9-2B998CA6F7CB}.Release|x64.ActiveCfg = Release|x64
		{06B90D73-3ADF-4771-9BE9-2B998CA6F7CB}.Release|x64.Build.0 = Release|x64
		{06B90D73-3ADF-4771-9BE9-2B998CA6F7CB}.Release|x86.ActiveCfg = Release|Win32
		{06B90D73-3ADF-4771-9BE9-2B998CA6F7CB}.Release|x86.Build.0 = Release|Win32
		{2D4C6D36-0383-4C46-A79E-F31CF3697AD2}.Debug|x64.ActiveCfg = Debug|x64
		{2D4C6D36-0383-4C46-A79E-F31CF3697AD2}.Debug|x64.Build.0 = Debug|x64
		{2D4C6D36-0383-4C46-A79E-F31CF3697AD2}.Debug|x86.ActiveCfg = Debug|Win32
		{2D4C6D36-0383-4C46-A79E-F31CF3697AD2}.Debug|x86.Build.0 = Debug|Win32
		{2D4C6D36-0383-4C46-A79E-F31CF3697AD2}.Release|x64.ActiveCfg = Release|x64
		{2D4C6D36-0383-4C46-A79E-F31CF3697AD2}.Release|x64.Build.0 = Release|x64
		{2D4C6D36-0383-4C46-A79E-F31CF3697AD2}.Release|x86.ActiveCfg = Release|Win32
		{2D4C6D36-0383-4C46-A79E-F31CF3697AD2}.Release|x86.Build.0 = Release|Win32
		{8D6D7AD3-078B-406A-8330-0EA4AB14935C}.Debug|x64.ActiveCfg = Debug|x64
		{8D6D7AD3-078B-406A-8330-0EA4AB14935C}.Debug|x64.Build.0 = Debug|x64
		{8D6D7AD3-078B-406A-8330-0EA4AB14935C}.Debug|x86.ActiveCfg = Debug|Win32
		{8D6D7AD3-078B-406A-8330-0EA4AB14935C}.Debug|x86.Build.0 = Debug|Win32
		{8D6D7AD3-078B-406A-8330-0EA4AB14935C}.Release|x64.ActiveCfg = Release|x64
		{8D6D7AD3-078B-406A-8330-0EA4AB14935C}.Release|x64.Build.0 = Release|x64
		{8D6D7AD3-078B-406A-8330-0EA4AB14935C}.Release|x86.ActiveCfg = Release|Win32
		{8D6D7AD3-078B-406A-8330-0EA4AB14935C}.Release|x86.Build.0 = Release|Win32
		{0E21948B-1819-4883-8D85-8BD9F0EAB148}.Debug|x64.ActiveCfg = Debug|x64
		{0E21948B-1819-4883-8D85-8BD9F0EAB148}.Debug|x64.Build.0 = Debug|x64
		{0E21948B-1819-4883-8D85-8BD9F0EAB148}.Debug|x86.ActiveCfg = Debug|Win32
		{0E21948B-1819-4883-8D85-8BD9F0EAB148}.Debug|x86.Build.0 = Debug|Win32
		{0E21948B-1819-4883-8D85-8BD9F0EAB148}.Release|x64.ActiveCfg = Release|x64
		{0E21948B-1819-4883-8D85-8BD9F0EAB148}.Release|x64.Build.0 = Release|x64
		{0E21948B-1819-4883-8D85-8BD9F0EAB148}.Release|x86.ActiveCfg = Release|Win32
		{0E21948B-1819-4883-8D85-8BD9F0EAB148}.Release|x86.Build.0 = Release|Win32
		{4C807862-17E6-4A50-8A1C-54596BCF91FC}.Debug|x64.ActiveCfg = Debug|x64
		{4C807862-17E6-4A50-8A1C-54596BCF91FC}.Debug|x64.Build.0 = Debug|x64
		{4C807862-17E6-4A50-8A1C-54596BCF91FC}.Debug|x86.ActiveCfg = Debug|Win32
		{4C807862-17E6-4A50-8A1C-54596BCF91FC}.Debug|x86.Build.0 = Debug|Win32
		{4C807862-17E6-4A50-8A1C-54596BCF91FC}.Release|x64.ActiveCfg = Release|x64
		{4C807862-17E6-4A50-8A1C-54596BCF91FC}.Release|x64.Build.0 = Release|x64
		{4C807862-17E6-4A50-8A1C-54596BCF91FC}.Release|x86.ActiveCfg = Release|Win32
		{4C807862-17E6-4A50-8A1C-54596BCF91FC}.Release|x86.Build.0 = Release|Win32
		{0F850763-0144-4754-9AA5-63CDC16BBE4F}.Debug|x64.ActiveCfg = Debug|x64
		{0F850763-0144-4754-9AA5-63CDC16BBE4F}.Debug|x64.Build.0 = Debug|x64
		{0F850763-0144-4754-9AA5-63CDC16BBE4F}.Debug|x86.ActiveCfg = Debug|Win32
		{0F850763-0144-4754-9AA5-63CDC16BBE4F}.Debug|x86.Build.0 = Debug|Win32
		{0F850763-0144-4754-9AA5-63CDC16BBE4F}.Release|x64.ActiveCfg = Release|x64
		{0F850763-0144-4754-9AA5-63CDC16BBE4F}.Release|x64.Build.0 = Release|x64
		{0F850763-0144-4754-9AA5-63CDC16BBE4F}.Release|x86.ActiveCfg = Release|Win32
		{0F850763-0144-4754-9AA5-63CDC16BBE4F}.Release|x86.Build.0 = Release|Win32
		{504E51A5-F45C-4CBE-8E32-D41BB0B1BD77}.Debug|x64.ActiveCfg = Debug|x64
		{504E51A5-F45C-4CBE-8E32-D41BB0B1BD77}.Debug|x64.Build.0 = Debug|x64
		{504E51A5-F45C-4CBE-8E32-D41BB0B1BD77}.Debug|x86.ActiveCfg = Debug|Win32
		{504E51A5-F45C-4CBE-8E32-D41BB0B1BD77}.Debug|x86.Build.0 = Debug|Win32
		{504E51A5-F45C-4CBE-8E32-D41BB0B1BD77}.Release|x64.ActiveCfg = Release|x64
		{504E51A5-F45C-4CBE-8E32-D41BB0B1BD77}.Release|x64.Build.0 = Release|x64
		{504E51A5-F45C-4CBE-8E32-D41BB0B1BD77}.Release|x86.ActiveCfg = Release|Win32
		{504E51A5-F45C-4CBE-8E32-D41BB0B1BD77}.Release|x86.Build.0 = Release|Win32
		{99EAC8A8-19A0-4FC4-98A2-1B1A6BA2BC14}.Debug|x64.ActiveCfg = Debug|x64
		{99EAC8A8-19A0-4FC4-98A2-1B1A6BA2BC14}.Debug|x64.Build.0 = Debug|x64
		{99EAC8A8-19A0-4FC4-98A2-1B1A6BA2BC14}.Debug|x86.ActiveCfg = Debug|Win32
		{99EAC8A8-19A0-4FC4-98A2-1B1A6BA2BC14}.Debug|x86.Build.0 = Debug|Win32
		{99EAC8A8-19A0-4FC4-98A2-1B1A6BA2BC14}.Release|x64.ActiveCfg = Release|x64
		{99EAC8A8-19A0-4FC4-98A2-1B1A6BA2BC14}.Release|x64.Build.0 = Release|x64
		{99EAC8A8-19A0-4FC4-98A2-1B1A6BA2BC14}.Release|x86.ActiveCfg = Release|Win32
		{99EAC8A8-19A0-4FC4-98A2-1B1A6BA2BC14}.Release|x86.Build.0 = Release|Win32
		{2F8EAB00-5192-41BC-B5A0-DF11716F3F87}.Debug|x64.ActiveCfg = Debug|x64
		{2F8EAB00-5192-41BC-B5A0-DF11716F3F87}.Debug|x64.Build.0 = Debug|x64
		{2F8EAB00-5192-41BC-B5A0-DF11716F3F87}.Debug|x86.ActiveCfg = Debug|Win32
		{2F8EAB00-5192-41BC-B5A0-DF11716F3F87}.Debug|x86.Build.0 = Debug|Win32
		{2F8EAB00-5192-41BC-B5A0-DF11716F3F87}.Release|x64.ActiveCfg = Release|x64
		{2F8EAB00-5192-41BC-B5A0-DF11716F3F87}.Release|x64.Build.0 = Release|x64
		{2F8EAB00-5192-41BC-B5A0-DF11716F3F87}.Release|x86.ActiveCfg = Release|Win32
		{2F8EAB00-5192-41BC-B5A0-DF11716F3F87}.Release|x86.Build.0 = Release|Win32
		{B65C35FC-0576-4B39-A4A4-6EFE435016D8}.Debug|x64.ActiveCfg = Debug|x64
		{B65C35FC-0576-4B39-A4A4-6EFE435016D8}.Debug|x64.Build.0 = Debug|x64
		{B65C35FC-0576-4B39-A4A4-6EFE435016D8}.Debug|x86.ActiveCfg = Debug|Win32
		{B65C35FC-0576-4B39-A4A4-6EFE435016D8}.Debug|x86.Build.0 = Debug|Win32
		{B65C35FC-0576-4B39-A4A4-6EFE435016D8}.Release|x64.ActiveCfg = Release|x64
		{B65C35FC-0576-4B39-A4A4-6EFE435016D8}.Release|x64.Build.0 = Release|x64
		{B65C35FC-0576-4B39-A4A4-6EFE435016D8}.Release|x86.ActiveCfg = Release|Win32
		{B65C35FC-0576-4B39-A4A4-6EFE435016D8}.Release|x86.Build.0 = Release|Win32
		{09218AA6-ABFD-4020-9313-45A0742DEACD}.Debug|x64.ActiveCfg = Debug|x64
		{09218AA6-ABFD-4020-9313-45A0742DEACD}.Debug|x64.Build.0 = Debug|x64
		{09218AA6-ABFD-4020-9313-45A0742DEACD}.Debug|x86.ActiveCfg = Debug|Win32
		{09218AA6-ABFD-4020-9313-45A0742DEACD}.Debug|x86.Build.0 = Debug|Win32
		{09218AA6-ABFD-4020-9313-45A0742DEACD}.Release|x64.ActiveCfg = Release|x64
		{09218AA6-ABFD-4020-9313-45A0742DEACD}.Release|x64.Build.0 = Release|x64
		{09218AA6-ABFD-4020-9313-45A0742DEACD}.Release|x86.ActiveCfg = Release|Win32
		{09218AA6-ABFD-4020-9313-45A0742DEACD}.Release|x86.Build.0 = Release|Win32
		{8B3596C0-222B-456A-A4C4-5090C8093249}.Debug|x64.ActiveCfg = Debug|x64
		{8B3596C0-222B-456A-A4C4-5090C8093249}.Debug|x64.Build.0 = Debug|x64
		{8B3596C0-222B-456A-A4C4-5090C8093249}.Debug|x86.ActiveCfg = Debug|Win32
		{8B3596C0-222B-456A-A4C4-5090C8093249}.Debug|x86.Build.0 = Debug|Win32
		{8B3596C0-222B-456A-A4C4-5090C8093249}.Release|x64.ActiveCfg = Release|x64
		{8B3596C0-222B-456A-A4C4-5090C8093249}.Release|x64.Build.0 = Release|x64
		{8B3596C0-222B-456A-A4C4-5090C8093249}.Release|x86.ActiveCfg = Release|Win32
		{8B3596C0-222B-456A-A4C4-5090C8093249}.Release|x86.Build.0 = Release|Win32
		{5368E929-1C8B-4883-B826-150FCA096362}.Debug|x64.ActiveCfg = Debug|x64
		{5368E929-1C8B-4883-B826-150FCA096362}.Debug|x64.Build.0 = Debug|x64
		{5368E929-1C8B-4883-B826-150FCA096362}.Debug|x86.ActiveCfg = Debug|Win32
		{5368E929-1C8B-4883-B826-150FCA096362}.Debug|x86.Build.0 = Debug|Win32
		{5368E929-1C8B-4883-B826-150FCA096362}.Release|x64.ActiveCfg = Release|x64
		{5368E929-1C8B-4883-B826-150FCA096362}.Release|x64.Build.0 = Release|x64
		{5368E929-1C8B-4883-B826-150FCA096362}.Release|x86.ActiveCfg = Release|Win32
		{5368E929-1C8B-4883-B826-150FCA096362}.Release|x86.Build.0 = Release|Win32
		{01D0955E-C345-436D-AA85-7E377D33E1D6}.Debug|x64.ActiveCfg = Debug|x64
		{01D0955E-C345-436D-AA85-7E377D33E1D6}.Debug|x64.Build.0 = Debug|x64
		{01D0955E-C345-436D-AA85-7E377D33E1D6}.Debug|x86.ActiveCfg = Debug|Win32
		{01D0955E-C345-436D-AA85-7E377D33E1D6}.Debug|x86.Build.0 = Debug|Win32
		{01D0955E-C345-436D-AA85-7E377D33E1D6}.Release|x64.ActiveCfg = Release|x64
		{01D0955E-C345-436D-AA85-7E377D33E1D6}.Release|x64.Build.0 = Release|x64
		{01D0955E-C345-436D-AA85-7E377D33E1D6}.Release|x86.ActiveCfg = Release|Win32
		{01D0955E-C345-436D-AA85-7E377D33E1D6}.Release|x86.Build.0 = Release|Win32
		{D03ADE9A-A63B-4196-921A-8905F4CC2235}.Debug|x64.ActiveCfg = Debug|x64
		{D03ADE9A-A63B-4196-921A-8905F4CC2235}.Debug|x64.Build.0 = Debug|x64
		{D03ADE9A-A63B-4196-921A-8905F4CC2235}.Debug|x86.ActiveCfg = Debug|Win32
		{D03ADE9A-A63B-4196-921A-8905F4CC2235}.Debug|x86.Build.0 = Debug|Win32
		{D03ADE9A-A63B-4196-921A-8905F4CC2235}.Release|x64.ActiveCfg = Release|x64
		{D03ADE9A-A63B-4196-921A-8905F4CC2235}.Release|x64.Build.0 = Release|x64
		{D03ADE9A-A63B-4196-921A-8905F4CC2235}.Release|x86.ActiveCfg = Release|Win32
		{D03ADE9A-A63B-4196-921A-8905F4CC2235}.Release|x86.Build.0 = Release|Win32
		{3670BA3A-EC7E-44D5-BFA8-BC3E5FFE924F}.Debug|x64.ActiveCfg = Debug|x64
		{3670BA3A-EC7E-44D5-BFA8-BC3E5FFE924F}.Debug|x64.Build.0 = Debug|x64
		{3670BA3A-EC7E-44D5-BFA8-BC3E5FFE924F}.Debug|x86.ActiveCfg = Debug|Win32
		{3670BA3A-EC7E-44D5-BFA8-BC3E5FFE924F}.Debug|x86.Build.0 = Debug|Win32
		{3670BA3A-EC7E-44D5-BFA8-BC3E5FFE924F}.Release|x64.ActiveCfg = Release|x64
		{3670BA3A-EC7E-44D5-BFA8-BC3E5FFE924F}.Release|x64.Build.0 = Release|x64
		{3670BA3A-EC7E-44D5-BFA8-BC3E5FFE924F}.Release|x86.ActiveCfg = Release|Win32
		{3670BA3A-EC7E-44D5-BFA8-BC3E5FFE924F}.Release|x86.Build.0 = Release|Win32
		{BE3D402F-D317-417F-AF89-4046A82A0033}.Debug|x64.ActiveCfg = Debug|x64
		{BE3D402F-D317-417F-AF89-4046A82A0033}.Debug|x64.Build.0 = Debug|x64
		{BE3D402F-D317-417F-AF89-4046A82A0033}.Debug|x86.ActiveCfg = Debug|Win32
		{BE3D402F-D317-417F-AF89-4046A82A0033}.Debug|x86.Build.0 = Debug|Win32
		{BE3D402F-D317-417F-AF89-4046A82A0033}.Release|x64.ActiveCfg = Release|x64
		{BE3D402F-D317-417F-AF89-4046A82A0033}.Release|x64.Build.0 = Release|x64
		{BE3D402F-D317-417F-AF89-4046A82A0033}.Release|x86.ActiveCfg = Release|Win32
		{BE3D402F-D317-417F-AF89-4046A82A0033}.Release|x86.Build.0 = Release|Win32
		{2CDF36B7-6F54-453F-9E59-5CBF8E14D01D}.Debug|x64.ActiveCfg = Debug|x64
		{2CDF36B7-6F54-453F-9E59-5CBF8E14D01D}.Debug|x64.Build.0 = Debug|x64
		{2CDF36B7-6F54-453F-9E59-5CBF8E14D01D}.Debug|x86.ActiveCfg = Debug|Win32
		{2CDF36B7-6F54-453F-9E59-5CBF8E14D01D}.Debug|x86.Build.0 = Debug|Win32
		{2CDF36B7-6F54-453F-9E59-5CBF8E14D01D}.Release|x64.ActiveCfg = Release|x64
		{2CDF36B7-6F54-453F-9E59-5CBF8E14D01D}.Release|x64.Build.0 = Release|x64
		{2CDF36B7-6F54-453F-9E59-5CBF8E14D01D}.Release|x86.ActiveCfg = Release|Win32
		{2CDF36B7-6F54-453F-9E59-5CBF8E14D01D}.Release|x86.Build.0 = Release|Win32
		{4C90B179-163A-4E43-B9E7-61406FC4063C}.Debug|x64.ActiveCfg = Debug|x64
		{4C90B179-163A-4E43-B9E7-61406FC4063C}.Debug|x64.Build.0 = Debug|x64
		{4C90B179-163A-4E43-B9E7-61406FC4063C}.Debug|x86.ActiveCfg = Debug|Win32
		{4C90B179-163A-4E43-B9E7-61406FC4063C}.Debug|x86.Build.0 = Debug|Win32
		{4C90B179-163A-4E43-B9E7-61406FC4063C}.Release|x64.ActiveCfg = Release|x64
		{4C90B179-163A-4E43-B9E7-61406FC4063C}.Release|x64.Build.0 = Release|x64
		{4C90B179-163A-4E43-B9E7-61406FC4063C}.Release|x86.ActiveCfg = Release|Win32
		{4C90B179-163A-4E43-B9E7-61406FC4063C}.Release|x86.Build.0 = Release|Win32
		{57F3FB8F-616B-4A87-8B35-3BA589211F66}.Debug|x64.ActiveCfg = Debug|x64
		{57F3FB8F-616B-4A87-8B35-3BA589211F66}.Debug|x64.Build.0 = Debug|x64
		{57F3FB8F-616B-4A87-8B35-3BA589211F66}.Debug|x86.ActiveCfg = Debug|Win32
		{57F3FB8F-616B-4A87-8B35-3BA589211F66}.Debug|x86.Build.0 = Debug|Win32
		{57F3FB8F-616B-4A87-8B35-3BA589211F66}.Release|x64.ActiveCfg = Release|x64
		{57F3FB8F-616B-4A87-8B35-3BA589211F66}.Release|x64.Build.0 = Release|x64
		{57F3FB8F-616B-4A87-8B35-3BA589211F66}.Release|x86.ActiveCfg = Release|Win32
		{57F3FB8F-616B-4A87-8B35-3BA589211F66}.Release|x86.Build.0 = Release|Win32
		{60B0CC45-2C98-4ECD-8F71-27F91BC815B4}.Debug|x64.ActiveCfg = Debug|x64
		{60B0CC45-2C98-4ECD-8F71-27F91BC815B4}.Debug|x64.Build.0 = Debug|x64
		{60B0CC45-2C98-4ECD-8F71-27F91BC815B4}.Debug|x86.ActiveCfg = Debug|Win32
		{60B0CC45-2C98-4ECD-8F71-27F91BC815B4}.Debug|x86.Build.0 = Debug|Win32
		{60B0CC45-2C98-4ECD-8F71-27F91BC815B4}.Release|x64.ActiveCfg = Release|x64
		{60B0CC45-2C98-4ECD-8F71-27F91BC815B4}.Release|x64.Build.0 = Release|x64
		{60B0CC45-2C98-4ECD-8F71-27F91BC815B4}.Release|x86.ActiveCfg = Release|Win32
		{60B0CC45-2C98-4ECD-8F71-27F91BC815B4}.Release|x86.Build.0 = Release|Win32
		{8A20A8ED-0E65-4991-9A7F-2A218932C1EC}.Debug|x64.ActiveCfg = Debug|x64
		{8A20A8ED-0E65-4991-9A7F-2A218932C1EC}.Debug|x64.Build.0 = Debug|x64
		{8A20A8ED-0E65-4991-9A7F-2A218932C1EC}.Debug|x86.ActiveCfg = Debug|Win32
		{8A20A8ED-0E65-4991-9A7F-2A218932C1EC}.Debug|x86.Build.0 = Debug|Win32
		{8A20A8ED-0E65-4991-9A7F-2A218932C1EC}.Release|x64.ActiveCfg = Release|x64
		{8A20A8ED-0E65-4991-9A7F-2A218932C1EC}.Release|x64.Build.0 = Release|x64
		{8A20A8ED-0E65-4991-9A7F-2A218932C1EC}.Release|x86.ActiveCfg = Release|Win32
		{8A20A8ED-0E65-4991-9A7F-2A218932C1EC}.Release|x86.Build.0 = Release|Win32
		{6C64A790-1A33-451A-B6F7-9D57C793635E}.Debug|x64.ActiveCfg = Debug|x64
		{6C64A790-1A33-451A-B6F7-9D57C793635E}.Debug|x64.Build.0 = Debug|x64
		{6C64A790-1A33-451A-B6F7-9D57C793635E}.Debug|x86.ActiveCfg = Debug|Win32
		{6C64A790-1A33-451A-B6F7-9D57C793635E}.Debug|x86.Build.0 = Debug|Win32
		{6C64A790-1A33-451A-B6F7-9D57C793635E}.Release|x64.ActiveCfg = Release|x64
		{6C64A790-1A33-451A-B6F7-9D57C793635E}.Release|x64.Build.0 = Release|x64
		{6C64A790-1A33-451A-B6F7-9D57C793635E}.Release|x86.ActiveCfg = Release|Win32
		{6C64A790-1A33-451A-B6F7-9D57C793635E}.Release|x86.Build.0 = Release|Win32
		{1E41B61F-358C-420F-803A-738C98A406BF}.Debug|x64.ActiveCfg = Debug|x64
		{1E41B61F-358C-420F-803A-738C98A406BF}.Debug|x64.Build.0 = Debug|x64
		{1E41B61F-358C-420F-803A-738C98A406BF}.Debug|x86.ActiveCfg = Debug|Win32
		{1E41B61F-358C-420F-803A-738C98A406BF}.Debug|x86.Build.0 = Debug|Win32
		{1E41B61F-358C-420F-803A-738C98A406BF}.Release|x64.ActiveCfg = Release|x64
		{1E41B61F-358C-420F-803A-738C98A406BF}.Release|x64.Build.0 = Release|x64
		{1E41B61F-358C-420F-803A-738C98A406BF}.Release|x86.ActiveCfg = Release|Win32
		{1E41B61F-358C-420F-803A-738C98A406BF}.Release|x86.Build.0 = Release|Win32
		{59898FC1-01B0-4438-9076-EF990C3AEAB5}.Debug|x64.ActiveCfg = Debug|x64
		{59898FC1-01B0-4438-9076-EF990C3AEAB5}.Debug|x64.Build.0 = Debug|x64
		{59898FC1-01B0-4438-9076-EF990C3AEAB5}.Debug|x86.ActiveCfg = Debug|Win32
		{59898FC1-01B0-4438-9076-EF990C3AEAB5}.Debug|x86.Build.0 = Debug|Win32
		{59898FC1-01B0-4438-9076-EF990C3AEAB5}.Release|x64.ActiveCfg = Release|x64
		{59898FC1-01B0-4438-9076-EF990C3AEAB5}.Release|x64.Build.0 = Release|x64
		{59898FC1-01B0-4438-9076-EF990C3AEAB5}.Release|x86.ActiveCfg = Release|Win32
		{59898FC1-01B0-4438-9076-EF990C3AEAB5}.Release|x86.Build.0 = Release|Win32
		{38765574-4E5A-452B-9C55-7D6709B8138C}.Debug|x64.ActiveCfg = Debug|x64
		{38765574-4E5A-452B-9C55-7D6709B8138C}.Debug|x64.Build.0 = Debug|x64
		{38765574-4E5A-452B-9C55-7D6709B8138C}.Debug|x86.ActiveCfg = Debug|Win32
		{38765574-4E5A-452B-9C55-7D6709B8138C}.Debug|x86.Build.0 = Debug|Win32
		{38765574-4E5A-452B-9C55-7D6709B8138C}.Release|x64.ActiveCfg = Release|x64
		{38765574-4E5A-452B-9C55-7D6709B8138C}.Release|x64.Build.0 = Release|x64
		{38765574-4E5A-452B-9C55-7D6709B8138C}.Release|x86.ActiveCfg = Release|Win32
		{38765574-4E5A-452B-9C55-7D6709B8138C}.Release|x86.Build.0 = Release|Win32
		{072E75CB-7474-43CD-9A14-D7EC1078BFF6}.Debug|x64.ActiveCfg = Debug|x64
		{072E75CB-7474-43CD-9A14-D7EC1078BFF6}.Debug|x64.Build.0 = Debug|x64
		{072E75CB-7474-43CD-9A14-D7EC1078BFF6}.Debug|x86.ActiveCfg = Debug|Win32
		{072E75CB-7474-43CD-9A14-D7EC1078BFF6}.Debug|x86.Build.0 = Debug|Win32
		{072E75CB-7474-43CD-9A14-D7EC1078BFF6}.Release|x64.ActiveCfg = Release|x64
		{072E75CB-7474-43CD-9A14-D7EC1078BFF6}.Release|x64.Build.0 = Release|x64
		{072E75CB-7474-43CD-9A14-D7EC1078BFF6}.Release|x86.ActiveCfg = Release|Win32
		{072E75CB-7474-43CD-9A14-D7EC1078BFF6}.Release|x86.Build.0 = Release|Win32
		{1529B793-6589-44A0-9C15-4BFE293DE673}.Debug|x64.ActiveCfg = Debug|x64
		{1529B793-6589-44A0-9C15-4BFE293DE673}.Debug|x64.Build.0 = Debug|x64
		{1529B793-6589-44A0-9C15-4BFE293DE673}.Debug|x86.ActiveCfg = Debug|Win32
		{1529B793-6589-44A0-9C15-4BFE293DE673}.Debug|x86.Build.0 = Debug|Win32
		{1529B793-6589-44A0-9C15-4BFE293DE673}.Release|x64.ActiveCfg = Release|x64
		{1529B793-6589-44A0-9C15-4BFE293DE673}.Release|x64.Build.0 = Release|x64
		{1529B793-6589-44A0-9C15-4BFE293DE673}.Release|x86.ActiveCfg = Release|Win32
		{1529B793-6589-44A0-9C15-4BFE293DE673}.Release|x86.Build.0 = Release|Win32
		{5EA01BC3-5FE0-44D0-8C71-38A40F67079F}.Debug|x64.ActiveCfg = Debug|x64
		{5EA01BC3-5FE0-44D0-8C71-38A40F67079F}.Debug|x64.Build.0 = Debug|x64
		{5EA01BC3-5FE0-44D0-8C71-38A40F67079F}.Debug|x86.ActiveCfg = Debug|Win32
		{5EA01BC3-5FE0-44D0-8C71-38A40F67079F}.Debug|x86.Build.0 = Debug|Win32
		{5EA01BC3-5FE0-44D0-8C71-38A40F67079F}.Release|x64.ActiveCfg = Release|x64
		{5EA01BC3-5FE0-44D0-8C71-38A40F67079F}.Release|x64.Build.0 = Release|x64
		{5EA01BC3-5FE0-44D0-8C71-38A40F67079F}.Release|x86.ActiveCfg = Release|Win32
		{5EA01BC3-5FE0-44D0-8C71-38A40F67079F}.Release|x86.Build.0 = Release|Win32
		{2F64ED14-F76A-4AD0-9CB3-445EEE10FFE0}.Debug|x64.ActiveCfg = Debug|x64
		{2F64ED14-F76A-4AD0-9CB3-445EEE10FFE0}.Debug|x64.Build.0 = Debug|x64
		{2F64ED14-F76A-4AD0-9CB3-445EEE10FFE0}.Debug|x86.ActiveCfg = Debug|Win32
		{2F64ED14-F76A-4AD0-9CB3-445EEE10FFE0}.Debug|x86.Build.0 = Debug|Win32
		{2F64ED14-F76A-4AD0-9CB3-445EEE10FFE0}.Release|x64.ActiveCfg = Release|x64
		{2F64ED14-F76A-4AD0-9CB3-445EEE10FFE0}.Release|x64.Build.0 = Release|x64
		{2F64ED14-F76A-4AD0-9CB3-445EEE10FFE0}.Release|x86.ActiveCfg = Release|Win32
		{2F64ED14-F76A-4AD0-9CB3-445EEE10FFE0}.Release|x86.Build.0 = Release|Win32
		{A52833B8-CEA1-414E-BEB8-7A7FADB9233D}.Debug|x64.ActiveCfg = Debug|x64
		{A52833B8-CEA1-414E-BEB8-7A7FADB9233D}.Debug|x64.Build.0 = Debug|x64
		{A52833B8-CEA1-414E-BEB8-7A7FADB9233D}.Debug|x86.ActiveCfg = Debug|Win32
		{A52833B8-CEA1-414E-BEB8-7A7FADB9233D}.Debug|x86.Build.0 = Debug|Win32
		{A52833B8-CEA1-414E-BEB8-7A7FADB9233D}.Release|x64.ActiveCfg = Release|x64
		{A52833B8-CEA1-414E-BEB8-7A7FADB9233D}.Release|x64.Build.0 = Release|x64
		{A52833B8-CEA1-414E-BEB8-7A7FADB9233D}.Release|x86.ActiveCfg = Release|Win32
		{A52833B8-CEA1-414E-BEB8-7A7FADB9233D}.Release|x86.Build.0 = Release|Win32
		{BAA374BA-FDEF-4B8F-AB3B-3471C5144A78}.Debug|x64.ActiveCfg = Debug|x64
		{BAA374BA-FDEF-4B8F-AB3B-3471C5144A78}.Debug|x64.Build.0 = Debug|x64
		{BAA374BA-FDEF-4B8F-AB3B-3471C5144A78}.Debug|x86.ActiveCfg = Debug|Win32
		{BAA374BA-FDEF-4B8F-AB3B-3471C5144A78}.Debug|x86.Build.0 = Debug|Win32
		{BAA374BA-FDEF-4B8F-AB3B-3471C5144A78}.Release|x64.ActiveCfg = Release|x64
		{BAA374BA-FDEF-4B8F-AB3B-3471C5144A78}.Release|x64.Build.0 = Release|x64
		{BAA374BA-FDEF-4B8F-AB3B-3471C5144A78}.Release|x86.ActiveCfg = Release|Win32
		{BAA374BA-FDEF-4B8F-AB3B-3471C5144A78}.Release|x86.Build.0 = Release|Win32
		{3119D151-BBDD-4A82-A4E3-94E469554091}.Debug|x64.ActiveCfg = Debug|x64
		{3119D151-BBDD-4A82-A4E3-94E469554091}.Debug|x64.Build.0 = Debug|x64
		{3119D151-BBDD-4A82-A4E3-94E469554091}.Debug|x86.ActiveCfg = Debug|Win32
		{3119D151-BBDD-4A82-A4E3-94E469554091}.Debug|x86.Build.0 = Debug|Win32
		{3119D151-BBDD-4A82-A4E3-94E469554091}.Release|x64.ActiveCfg = Release|x64
		{3119D151-BBDD-4A82-A4E3-94E469554091}.Release|x64.Build.0 = Release|x64
		{3119D151-BBDD-4A82-A4E3-94E469554091}.Release|x86.ActiveCfg = Release|Win32
		{3119D151-BBDD-4A82-A4E3-94E469554091}.Release|x86.Build.0 = Release|Win32
		{EB17C444-29D3-4178-BE4B-ECB028EAF9DD}.Debug|x64.ActiveCfg = Debug|x64
		{EB17C444-29D3-4178-BE4B-ECB028EAF9DD}.Debug|x64.Build.0 = Debug|x64
		{EB17C444-29D3-4178-BE4B-ECB028EAF9DD}.Debug|x86.ActiveCfg = Debug|Win32
		{EB17C444-29D3-4178-BE4B-ECB028EAF9DD}.Debug|x86.Build.0 = Debug|Win32
		{EB17C444-29D3-4178-BE4B-ECB028EAF9DD}.Release|x64.ActiveCfg = Release|x64
		{EB17C444-29D3-4178-BE4B-ECB028EAF9DD}.Release|x64.Build.0 = Release|x64
		{EB17C444-29D3-4178-BE4B-ECB028EAF9DD}.Release|x86.ActiveCfg = Release|Win32
		{EB17C444-29D3-4178-BE4B-ECB028EAF9DD}.Release|x86.Build.0 = Release|Win32
		{4ED021A0-2F1A-4999-BF88-C7AEDB66C37A}.Debug|x64.ActiveCfg = Debug|x64
		{4ED021A0-2F1A-4999-BF88-C7AEDB66C37A}.Debug|x64.Build.0 = Debug|x64
		{4ED021A0-2F1A-4999-BF88-C7AEDB66C37A}.Debug|x86.ActiveCfg = Debug|Win32
		{4ED021A0-2F1A-4999-BF88-C7AEDB66C37A}.Debug|x86.Build.0 = Debug|Win32
		{4ED021A0-2F1A-4999-BF88-C7AEDB66C37A}.Release|x64.ActiveCfg = Release|x64
		{4ED021A0-2F1A-4999-BF88-C7AEDB66C37A}.Release|x64.Build.0 = Release|x64
		{4ED021A0-2F1A-4999-BF88-C7AEDB66C37A}.Release|x86.ActiveCfg = Release|Win32
		{4ED021A0-2F1A-4999-BF88-C7AEDB66C37A}.Release|x86.Build.0 = Release|Win32
		{CBBEB390-5703-4C11-8AD8-D43F033278B0}.Debug|x64.ActiveCfg = Debug|x64
		{CBBEB390-5703-4C11-8AD8-D43F033278B0}.Debug|x64.Build.0 = Debug|x64
		{CBBEB390-5703-4C11-8AD8-D43F033278B0}.Debug|x86.ActiveCfg = Debug|Win32
		{CBBEB390-5703-4C11-8AD8-D43F033278B0}.Debug|x86.Build.0 = Debug|Win32
		{CBBEB390-5703-4C11-8AD8-D43F033278B0}.Release|x64.ActiveCfg = Release|x64
		{CBBEB390-5703-4C11-8AD8-D43F033278B0}.Release|x64.Build.0 = Release|x64
		{CBBEB390-5703-4C11-8AD8-D43F033278B0}.Release|x86.ActiveCfg = Release|Win32
		{CBBEB390-5703-4C11-8AD8-D43F033278B0}.Release|x86.Build.0 = Release|Win32
		{A0F2B4C8-7D88-4DCE-9A96-DFE3EAB17E32}.Debug|x64.ActiveCfg = Debug|x64
		{A0F2B4C8-7D88-4DCE-9A96-DFE3EAB17E32}.Debug|x64.Build.0 = Debug|x64
		{A0F2B4C8-7D88-4DCE-9A96-DFE3EAB17E32}.Debug|x86.ActiveCfg = Debug|Win32
		{A0F2B4C8-7D88-4DCE-9A96-DFE3EAB17E32}.Debug|x86.Build.0 = Debug|Win32
		{A0F2B4C8-7D88-4DCE-9A96-DFE3EAB17E32}.Release|x64.ActiveCfg = Release|x64
		{A0F2B4C8-7D88-4DCE-9A96-DFE3EAB17E32}.Release|x64.Build.0 = Release|x64
		{A0F2B4C8-7D88-4DCE-9A96-DFE3EAB17E32}.Release|x86.ActiveCfg = Release|Win32
		{A0F2B4C8-7D88-4DCE-9A96-DFE3EAB17E32}.Release|x86.Build.0 = Release|Win32
		{0DB18089-13E6-4833-A9C2-64A6A682992C}.Debug|x64.ActiveCfg = Debug|x64
		{0DB18089-13E6-4833-A9C2-64A6A682992C}.Debug|x64.Build.0 = Debug|x64
		{0DB18089-13E6-4833-A9C2-64A6A682992C}.Debug|x86.ActiveCfg = Debug|Win32
		{0DB18089-13E6-4833-A9C2-64A6A682992C}.Debug|x86.Build.0 = Debug|Win32
		{0DB18089-13E6-4833-A9C2-64A6A682992C}.Release|x64.ActiveCfg = Release|x64
		{0DB18089-13E6-4833-A9C2-64A6A682992C}.Release|x64.Build.0 = Release|x64
		{0DB18089-13E6-4833-A9C2-64A6A682992C}.Release|x86.ActiveCfg = Release|Win32
		{0DB18089-13E6-4833-A9C2-64A6A682992C}.Release|x86.Build.0 = Release|Win32
		{75CDC664-AC39-4AFE-9755-0FD7884F2055}.Debug|x64.ActiveCfg = Debug|x64
		{75CDC664-AC39-4AFE-9755-0FD7884F2055}.Debug|x64.Build.0 = Debug|x64
		{75CDC664-AC39-4AFE-9755-0FD7884F2055}.Debug|x86.ActiveCfg = Debug|Win32
		{75CDC664-AC39-4AFE-9755-0FD7884F2055}.Debug|x86.Build.0 = Debug|Win32
		{75CDC664-AC39-4AFE-9755-0FD7884F2055}.Release|x64.ActiveCfg = Release|x64
		{75CDC664-AC39-4AFE-9755-0FD7884F2055}.Release|x64.Build.0 = Release|x64
		{75CDC664-AC39-4AFE-9755-0FD7884F2055}.Release|x86.ActiveCfg = Release|Win32
		{75CDC664-AC39-4AFE-9755-0FD7884F2055}.Release|x86.Build.0 = Release|Win32
		{35DF20AB-D2D8-452E-9686-D566A70CC3AB}.Debug|x64.ActiveCfg = Debug|x64
		{35DF20AB-D2D8-452E-9686-D566A70CC3AB}.Debug|x64.Build.0 = Debug|x64
		{35DF20AB-D2D8-452E-9686-D566A70CC3AB}.Debug|x86.ActiveCfg = Debug|Win32
		{35DF20AB-D2D8-452E-9686-D566A70CC3AB}.Debug|x86.Build.0 = Debug|Win32
		{35DF20AB-D2D8-452E-9686-D566A70CC3AB}.Release|x64.ActiveCfg = Release|x64
		{35DF20AB-D2D8-452E-9686-D566A70CC3AB}.Release|x64.Build.0 = Release|x64
		{35DF20AB-D2D8-452E-9686-D566A70CC3AB}.Release|x86.ActiveCfg = Release|Win32
		{35DF20AB-D2D8-452E-9686-D566A70CC3AB}.Release|x86.Build.0 = Release|Win32
		{EF0F0384-CA5D-4AEE-8C7B-3C0D0A31086F}.Debug|x64.ActiveCfg = Debug|x64
		{EF0F0384-CA5D-4AEE-8C7B-3C0D0A31086F}.Debug|x64.Build.0 = Debug|x64
		{EF0F0384-CA5D-4AEE-8C7B-3C0D0A31086F}.Debug|x86.ActiveCfg = Debug|Win32
		{EF0F0384-CA5D-4AEE-8C7B-3C0D0A31086F}.Debug|x86.Build.0 = Debug|Win32
		{EF0F0384-CA5D-4AEE-8C7B-3C0D0A31086F}.Release|x64.ActiveCfg = Release|x64
		{EF0F0384-CA5D-4AEE-8C7B-3C0D0A31086F}.Release|x64.Build.0 = Release|x64
		{EF0F0384-CA5D-4AEE-8C7B-3C0D0A31086F}.Release|x86.ActiveCfg = Release|Win32
		{EF0F0384-CA5D-4AEE-8C7B-3C0D0A31086F}.Release|x86.Build.0 = Release|Win32
		{4DA9D8BD-71D1-4636-AEC2-A1F907327B22}.Debug|x64.ActiveCfg = Debug|x64
		{4DA9D8BD-71D1-4636-AEC2-A1F907327B22}.Debug|x64.Build.0 = Debug|x64
		{4DA9D8BD-71D1-4636-AEC2-A1F907327B22}.Debug|x86.ActiveCfg = Debug|Win32
		{4DA9D8BD-71D1-4636-AEC2-A1F907327B22}.Debug|x86.Build.0 = Debug|Win32
		{4DA9D8BD-71D1-4636-AEC2-A1F907327B22}.Release|x64.ActiveCfg = Release|x64
		{4DA9D8BD-71D1-4636-AEC2-A1F907327B22}.Release|x64.Build.0 = Release|x64
		{4DA9D8BD-71D1-4636-AEC2-A1F907327B22}.Release|x86.ActiveCfg = Release|Win32
		{4DA9D8BD-71D1-4636-AEC2-A1F907327B22}.Release|x86.Build.0 = Release|Win32
		{B8C3942D-DB58-4FEF-AC38-D39E1DEB4382}.Debug|x64.ActiveCfg = Debug|x64
		{B8C3942D-DB58-4FEF-AC38-D39E1DEB4382}.Debug|x64.Build.0 = Debug|x64
		{B8C3942D-DB58-4FEF-AC38-D39E1DEB4382}.Debug|x86.ActiveCfg = Debug|Win32
		{B8C3942D-DB58-4FEF-AC38-D39E1DEB4382}.Debug|x86.Build.0 = Debug|Win32
		{B8C3942D-DB58-4FEF-AC38-D39E1DEB4382}.Release|x64.ActiveCfg = Release|x64
		{B8C3942D-DB58-4FEF-AC38-D39E1DEB4382}.Release|x64.Build.0 = Release|x64
		{B8C3942D-DB58-4FEF-AC38-D39E1DEB4382}.Release|x86.ActiveCfg = Release|Win32
		{B8C3942D-DB58-4FEF-AC38-D39E1DEB4382}.Release|x86.Build.0 = Release|Win32
		{941A883A-3310-435F-ADB0-A0D3C259FF0D}.Debug|x64.ActiveCfg = Debug|x64
		{941A883A-3310-435F-ADB0-A0D3C259FF0D}.Debug|x64.Build.0 = Debug|x64
		{941A883A-3310-435F-ADB0-A0D3C259FF0D}.Debug|x86.ActiveCfg = Debug|Win32
		{941A883A-3310-435F-ADB0-A0D3C259FF0D}.Debug|x86.Build.0 = Debug|Win32
		{941A883A-3310-435F-ADB0-A0D3C259FF0D}.Release|x64.ActiveCfg = Release|x64
		{941A883A-3310-435F-ADB0-A0D3C259FF0D}.Release|x64.Build.0 = Release|x64
		{941A883A-3310-435F-ADB0-A0D3C259FF0D}.Release|x86.ActiveCfg = Release|Win32
		{941A883A-3310-435F-ADB0-A0D3C259FF0D}.Release|x86.Build.0 = Release|Win32
		{00B00439-7B03-46A4-B19F-223E8B3A4D42}.Debug|x64.ActiveCfg = Debug|x64
		{00B00439-7B03-46A4-B19F-223E8B3A4D42}.Debug|x64.Build.0 = Debug|x64
		{00B00439-7B03-46A4-B19F-223E8B3A4D42}.Debug|x86.ActiveCfg = Debug|Win32
		{00B00439-7B03-46A4-B19F-223E8B3A4D42}.Debug|x86.Build.0 = Debug|Win32
		{00B00439-7B03-46A4-B19F-223E8B3A4D42}.Release|x64.ActiveCfg = Release|x64
		{00B00439-7B03-46A4-B19F-223E8B3A4D42}.Release|x64.Build.0 = Release|x64
		{00B00439-7B03-46A4-B19F-223E8B3A4D42}.Release|x86.ActiveCfg = Release|Win32
		{00B00439-7B03-46A4-B19F-223E8B3A4D42}.Release|x86.Build.0 = Release|Win32
		{72A56EDC-6B70-4691-95A2-C20210C8B0D7}.Debug|x64.ActiveCfg = Debug|x64
		{72A56EDC-6B70-4691-95A2-C20210C8B0D7}.Debug|x64.Build.0 = Debug|x64
		{72A56EDC-6B70-4691-95A2-C20210C8B0D7}.Debug|x86.ActiveCfg = Debug|Win32
		{72A56EDC-6B70-4691-95A2-C20210C8B0D7}.Debug|x86.Build.0 = Debug|Win32
		{72A56EDC-6B70-4691-95A2-C20210C8B0D7}.Release|x64.ActiveCfg = Release|x64
		{72A56EDC-6B70-4691-95A2-C20210C8B0D7}.Release|x64.Build.0 = Release|x64
		{72A56EDC-6B70-4691-95A2-C20210C8B0D7}.Release|x86.ActiveCfg = Release|Win32
		{72A56EDC-6B70-4691-95A2-C20210C8B0D7}.Release|x86.Build.0 = Release|Win32
		{91D4094F-E14F-40A6-A1C6-0C2B2CDABDBC}.Debug|x64.ActiveCfg = Debug|x64
		{91D4094F-E14F-40A6-A1C6-0C2B2CDABDBC}.Debug|x64.Build.0 = Debug|x64
		{91D4094F-E14F-40A6-A1C6-0C2B2CDABDBC}.Debug|x86.ActiveCfg = Debug|Win32
		{91D4094F-E14F-40A6-A1C6-0C2B2CDABDBC}.Debug|x86.Build.0 = Debug|Win32
		{91D4094F-E14F-40A6-A1C6-0C2B2CDABDBC}.Release|x64.ActiveCfg = Release|x64
		{91D4094F-E14F-40A6-A1C6-0C2B2CDABDBC}.Release|x64.Build.0 = Release|x64
		{91D4094F-E14F-40A6-A1C6-0C2B2CDABDBC}.Release|x86.ActiveCfg = Release|Win32
		{91D4094F-E14F-40A6-A1C6-0C2B2CDABDBC}.Release|x86.Build.0 = Release|Win32
		{A40E6955-1E7F-4C7B-AD9B-40F57039D61E}.Debug|x64.ActiveCfg = Debug|x64
		{A40E6955-1E7F-4C7B-AD9B-40F57039D61E}.Debug|x64.Build.0 = Debug|x64
		{A40E6955-1E7F-4C7B-AD9B-40F57039D61E}.Debug|x86.ActiveCfg = Debug|Win32
		{A40E6955-1E7F-4C7B-AD9B-40F57039D61E}.Debug|x86.Build.0 = Debug|Win32
		{A40E6955-1E7F-4C7B-AD9B-40F57039D61E}.Release|x64.ActiveCfg = Release|x64
		{A40E6955-1E7F-4C7B-AD9B-40F57039D61E}.Release|x64.Build.0 = Release|x64
		{A40E6955-1E7F-4C7B-AD9B-40F57039D61E}.Release|x86.ActiveCfg = Release|Win32
		{A40E6955-1E7F-4C7B-AD9B-40F57039D61E}.Release|x86.Build.0 = Release|Win32
		{E3AA6773-C20A-4BB8-9799-72D745990FA0}.Debug|x64.ActiveCfg = Debug|x64
		{E3AA6773-C20A-4BB8-9799-72D745990FA0}.Debug|x64.Build.0 = Debug|x64
		{E3AA6773-C20A-4BB8-9799-72D745990FA0}.Debug|x86.ActiveCfg = Debug|Win32
		{E3AA6773-C20A-4BB8-9799-72D745990FA0}.Debug|x86.Build.0 = Debug|Win32
		{E3AA6773-C20A-4BB8-9799-72D745990FA0}.Release|x64.ActiveCfg = Release|x64
		{E3AA6773-C20A-4BB8-9799-72D745990FA0}.Release|x64.Build.0 = Release|x64
		{E3AA6773-C20A-4BB8-9799-72D745990FA0}.Release|x86.ActiveCfg = Release|Win32
		{E3AA6773-C20A-4BB8-9799-72D745990FA0}.Release|x86.Build.0 = Release|Win32
		{ABDEE62A-4ADD-45BA-AC81-4E06AB4F5096}.Debug|x64.ActiveCfg = Debug|x64
		{ABDEE62A-4ADD-45BA-AC81-4E06AB4F5096}.Debug|x64.Build.0 = Debug|x64
		{ABDEE62A-4ADD-45BA-AC81-4E06AB4F5096}.Debug|x86.ActiveCfg = Debug|Win32
		{ABDEE62A-4ADD-45BA-AC81-4E06AB4F5096}.Debug|x86.Build.0 = Debug|Win32
		{ABDEE62A-4ADD-45BA-AC81-4E06AB4F5096}.Release|x64.ActiveCfg = Release|x64
		{ABDEE62A-4ADD-45BA-AC81-4E06AB4F5096}.Release|x64.Build.0 = Release|x64
		{ABDEE62A-4ADD-45BA-AC81-4E06AB4F5096}.Release|x86.ActiveCfg = Release|Win32
		{ABDEE62A-4ADD-45BA-AC81-4E06AB4F5096}.Release|x86.Build.0 = Release|Win32
		{772A263F-0EC3-4261-B959-051D354F5A67}.Debug|x64.ActiveCfg = Debug|x64
		{772A263F-0EC3-4261-B959-051D354F5A67}.Debug|x64.Build.0 = Debug|x64
		{772A263F-0EC3-4261-B959-051D354F5A67}.Debug|x86.ActiveCfg = Debug|Win32
		{772A263F-0EC3-4261-B959-051D354F5A67}.Debug|x86.Build.0 = Debug|Win32
		{772A263F-0EC3-4261-B959-051D354F5A67}.Release|x64.ActiveCfg = Release|x64
		{772A263F-0EC3-4261-B959-051D354F5A67}.Release|x64.Build.0 = Release|x64
		{772A263F-0EC3-4261-B959-051D354F5A67}.Release|x86.ActiveCfg = Release|Win32
		{772A263F-0EC3-4261-B959-051D354F5A67}.Release|x86.Build.0 = Release|Win32
		{DAEE8D2C-98F8-4D8F-B78A-7EEB87142D69}.Debug|x64.ActiveCfg = Debug|x64
		{DAEE8D2C-98F8-4D8F-B78A-7EEB87142D69}.Debug|x64.Build.0 = Debug|x64
		{DAEE8D2C-98F8-4D8F-B78A-7EEB87142D69}.Debug|x86.ActiveCfg = Debug|Win32
		{DAEE8D2C-98F8-4D8F-B78A-7EEB87142D69}.Debug|x86.Build.0 = Debug|Win32
		{DAEE8D2C-98F8-4D8F-B78A-7EEB87142D69}.Release|x64.ActiveCfg = Release|x64
		{DAEE8D2C-98F8-4D8F-B78A-7EEB87142D69}.Release|x64.Build.0 = Release|x64
		{DAEE8D2C-98F8-4D8F-B78A-7EEB87142D69}.Release|x86.ActiveCfg = Release|Win32
		{DAEE8D2C-98F8-4D8F-B78A-7EEB87142D69}.Release|x86.Build.0 = Release|Win32
		{1EB994C4-F5CF-48BC-876E-2579CEFE645C}.Debug|x64.ActiveCfg = Debug|x64
		{1EB994C4-F5CF-48BC-876E-2579CEFE645C}.Debug|x64.Build.0 = Debug|x64
		{1EB994C4-F5CF-48BC-876E-2579CEFE645C}.Debug|x86.ActiveCfg = Debug|Win32
		{1EB994C4-F5CF-48BC-876E-2579CEFE645C}.Debug|x86.Build.0 = Debug|Win32
		{1EB994C4-F5CF-48BC-876E-2579CEFE645C}.Release|x64.ActiveCfg = Release|x64
		{1EB994C4-F5CF-48BC-876E-2579CEFE645C}.Release|x64.Build.0 = Release|x64
		{1EB994C4-F5CF-48BC-876E-2579CEFE645C}.Release|x86.ActiveCfg = Release|Win32
		{1EB994C4-F5CF-48BC-876E-2579CEFE645C}.Release|x86.Build.0 = Release|Win32
		{B9B166DC-CF59-4620-81A0-68EB8A48E956}.Debug|x64.ActiveCfg = Debug|x64
		{B9B166DC-CF59-4620-81A0-68EB8A48E956}.Debug|x64.Build.0 = Debug|x64
		{B9B166DC-CF59-4620-81A0-68EB8A48E956}.Debug|x86.ActiveCfg = Debug|Win32
		{B9B166DC-CF59-4620-81A0-68EB8A48E956}.Debug|x86.Build.0 = Debug|Win32
		{B9B166DC-CF59-4620-81A0-68EB8A48E956}.Release|x64.ActiveCfg = Release|x64
		{B9B166DC-CF59-4620-81A0-68EB8A48E956}.Release|x64.Build.0 = Release|x64
		{B9B166DC-CF59-4620-81A0-68EB8A48E956}.Release|x86.ActiveCfg = Release|Win32
		{B9B166DC-CF59-4620-81A0-68EB8A48E956}.Release|x86.Build.0 = Release|Win32
	EndGlobalSection
	GlobalSection(SolutionProperties) = preSolution
		HideSolutionNode = FALSE
	EndGlobalSection
	GlobalSection(NestedProjects) = preSolution
		{909221E6-C3D3-4045-BF66-14F1A9CE039E} = {912CE214-00D6-4B7F-A388-37178778E8BC}
		{40B93D3E-9F4C-4629-95EE-AFF445836FFC} = {912CE214-00D6-4B7F-A388-37178778E8BC}
		{752F1891-9834-48F9-913E-78E58C6205C9} = {912CE214-00D6-4B7F-A388-37178778E8BC}
		{B7B21761-C701-4762-B665-3485155BCAB6} = {912CE214-00D6-4B7F-A388-37178778E8BC}
		{E0C8B63E-E6D2-4705-8D0F-F5AC37DDEFA7} = {912CE214-00D6-4B7F-A388-37178778E8BC}
		{3E81D574-8F55-48D5-8CEF-FE9E3DAF3420} = {912CE214-00D6-4B7F-A388-37178778E8BC}
		{06B90D73-3ADF-4771-9BE9-2B998CA6F7CB} = {912CE214-00D6-4B7F-A388-37178778E8BC}
		{2D4C6D36-0383-4C46-A79E-F31CF3697AD2} = {912CE214-00D6-4B7F-A388-37178778E8BC}
		{8D6D7AD3-078B-406A-8330-0EA4AB14935C} = {912CE214-00D6-4B7F-A388-37178778E8BC}
		{0E21948B-1819-4883-8D85-8BD9F0EAB148} = {912CE214-00D6-4B7F-A388-37178778E8BC}
		{4C807862-17E6-4A50-8A1C-54596BCF91FC} = {912CE214-00D6-4B7F-A388-37178778E8BC}
		{0F850763-0144-4754-9AA5-63CDC16BBE4F} = {912CE214-00D6-4B7F-A388-37178778E8BC}
		{504E51A5-F45C-4CBE-8E32-D41BB0B1BD77} = {912CE214-00D6-4B7F-A388-37178778E8BC}
		{99EAC8A8-19A0-4FC4-98A2-1B1A6BA2BC14} = {912CE214-00D6-4B7F-A388-37178778E8BC}
		{2F8EAB00-5192-41BC-B5A0-DF11716F3F87} = {912CE214-00D6-4B7F-A388-37178778E8BC}
		{B65C35FC-0576-4B39-A4A4-6EFE435016D8} = {912CE214-00D6-4B7F-A388-37178778E8BC}
		{09218AA6-ABFD-4020-9313-45A0742DEACD} = {912CE214-00D6-4B7F-A388-37178778E8BC}
		{8B3596C0-222B-456A-A4C4-5090C8093249} = {912CE214-00D6-4B7F-A388-37178778E8BC}
		{5368E929-1C8B-4883-B826-150FCA096362} = {912CE214-00D6-4B7F-A388-37178778E8BC}
		{01D0955E-C345-436D-AA85-7E377D33E1D6} = {912CE214-00D6-4B7F-A388-37178778E8BC}
		{D03ADE9A-A63B-4196-921A-8905F4CC2235} = {912CE214-00D6-4B7F-A388-37178778E8BC}
		{3670BA3A-EC7E-44D5-BFA8-BC3E5FFE924F} = {A210E1E5-F919-4B34-A6E5-32AABF049AB3}
		{BE3D402F-D317-417F-AF89-4046A82A0033} = {A210E1E5-F919-4B34-A6E5-32AABF049AB3}
		{2CDF36B7-6F54-453F-9E59-5CBF8E14D01D} = {A210E1E5-F919-4B34-A6E5-32AABF049AB3}
		{4C90B179-163A-4E43-B9E7-61406FC4063C} = {A210E1E5-F919-4B34-A6E5-32AABF049AB3}
		{57F3FB8F-616B-4A87-8B35-3BA589211F66} = {A210E1E5-F919-4B34-A6E5-32AABF049AB3}
		{60B0CC45-2C98-4ECD-8F71-27F91BC815B4} = {A210E1E5-F919-4B34-A6E5-32AABF049AB3}
		{8A20A8ED-0E65-4991-9A7F-2A218932C1EC} = {A210E1E5-F919-4B34-A6E5-32AABF049AB3}
		{6C64A790-1A33-451A-B6F7-9D57C793635E} = {A210E1E5-F919-4B34-A6E5-32AABF049AB3}
		{1E41B61F-358C-420F-803A-738C98A406BF} = {A210E1E5-F919-4B34-A6E5-32AABF049AB3}
		{59898FC1-01B0-4438-9076-EF990C3AEAB5} = {A210E1E5-F919-4B34-A6E5-32AABF049AB3}
		{38765574-4E5A-452B-9C55-7D6709B8138C} = {A210E1E5-F919-4B34-A6E5-32AABF049AB3}
		{072E75CB-7474-43CD-9A14-D7EC1078BFF6} = {A210E1E5-F919-4B34-A6E5-32AABF049AB3}
		{1529B793-6589-44A0-9C15-4BFE293DE673} = {A210E1E5-F919-4B34-A6E5-32AABF049AB3}
		{5EA01BC3-5FE0-44D0-8C71-38A40F67079F} = {6E6A2236-267E-4DB7-82C1-38BBE2E1CD9A}
		{2F64ED14-F76A-4AD0-9CB3-445EEE10FFE0} = {6E6A2236-267E-4DB7-82C1-38BBE2E1CD9A}
		{A52833B8-CEA1-414E-BEB8-7A7FADB9233D} = {6E6A2236-267E-4DB7-82C1-38BBE2E1CD9A}
		{BAA374BA-FDEF-4B8F-AB3B-3471C5144A78} = {6E6A2236-267E-4DB7-82C1-38BBE2E1CD9A}
		{3119D151-BBDD-4A82-A4E3-94E469554091} = {6E6A2236-267E-4DB7-82C1-38BBE2E1CD9A}
		{EB17C444-29D3-4178-BE4B-ECB028EAF9DD} = {6E6A2236-267E-4DB7-82C1-38BBE2E1CD9A}
		{4ED021A0-2F1A-4999-BF88-C7AEDB66C37A} = {6E6A2236-267E-4DB7-82C1-38BBE2E1CD9A}
		{CBBEB390-5703-4C11-8AD8-D43F033278B0} = {6E6A2236-267E-4DB7-82C1-38BBE2E1CD9A}
		{A0F2B4C8-7D88-4DCE-9A96-DFE3EAB17E32} = {6E6A2236-267E-4DB7-82C1-38BBE2E1CD9A}
		{0DB18089-13E6-4833-A9C2-64A6A682992C} = {6E6A2236-267E-4DB7-82C1-38BBE2E1CD9A}
		{75CDC664-AC39-4AFE-9755-0FD7884F2055} = {6E6A2236-267E-4DB7-82C1-38BBE2E1CD9A}
		{35DF20AB-D2D8-452E-9686-D566A70CC3AB} = {6E6A2236-267E-4DB7-82C1-38BBE2E1CD9A}
		{EF0F0384-CA5D-4AEE-8C7B-3C0D0A31086F} = {6E6A2236-267E-4DB7-82C1-38BBE2E1CD9A}
		{4DA9D8BD-71D1-4636-AEC2-A1F907327B22} = {6E6A2236-267E-4DB7-82C1-38BBE2E1CD9A}
		{B8C3942D-DB58-4FEF-AC38-D39E1DEB4382} = {6E6A2236-267E-4DB7-82C1-38BBE2E1CD9A}
		{941A883A-3310-435F-ADB0-A0D3C259FF0D} = {6E6A2236-267E-4DB7-82C1-38BBE2E1CD9A}
		{00B00439-7B03-46A4-B19F-223E8B3A4D42} = {6E6A2236-267E-4DB7-82C1-38BBE2E1CD9A}
		{72A56EDC-6B70-4691-95A2-C20210C8B0D7} = {6E6A2236-267E-4DB7-82C1-38BBE2E1CD9A}
		{91D4094F-E14F-40A6-A1C6-0C2B2CDABDBC} = {6E6A2236-267E-4DB7-82C1-38BBE2E1CD9A}
		{A40E6955-1E7F-4C7B-AD9B-40F57039D61E} = {6E6A2236-267E-4DB7-82C1-38BBE2E1CD9A}
		{E3AA6773-C20A-4BB8-9799-72D745990FA0} = {6E6A2236-267E-4DB7-82C1-38BBE2E1CD9A}
		{ABDEE62A-4ADD-45BA-AC81-4E06AB4F5096} = {6E6A2236-267E-4DB7-82C1-38BBE2E1CD9A}
		{772A263F-0EC3-4261-B959-051D354F5A67} = {6E6A2236-267E-4DB7-82C1-38BBE2E1CD9A}
		{DAEE8D2C-98F8-4D8F-B78A-7EEB87142D69} = {6E6A2236-267E-4DB7-82C1-38BBE2E1CD9A}
		{1EB994C4-F5CF-48BC-876E-2579CEFE645C} = {6E6A2236-267E-4DB7-82C1-38BBE2E1CD9A}
		{B9B166DC-CF59-4620-81A0-68EB8A48E956} = {6E6A2236-267E-4DB7-82C1-38BBE2E1CD9A}
	EndGlobalSection
	GlobalSection(ExtensibilityGlobals) = postSolution
		SolutionGuid = {54F0003A-79A7-4D02-A018-18BC58C62E02}
	EndGlobalSection
EndGlobal
