
Microsoft Visual Studio Solution File, Format Version 12.00
# Visual Studio Version 16
VisualStudioVersion = 16.0.30114.105
MinimumVisualStudioVersion = 10.0.40219.1
Project("{8BC9CEB8-8B4A-11D0-8D11-00A0C91BC942}") = "Exercise_1.1", "Exercise_1.1\Exercise_1.1.vcxproj", "{909221E6-C3D3-4045-BF66-14F1A9CE039E}"
EndProject
Project("{8BC9CEB8-8B4A-11D0-8D11-00A0C91BC942}") = "Exercise_1.2", "Exercise_1.2\Exercise_1.2.vcxproj", "{40B93D3E-9F4C-4629-95EE-AFF445836FFC}"
EndProject
Project("{2150E333-8FDC-42A3-9474-1A3956D46DE8}") = "Chapter_01", "Chapter_01", "{912CE214-00D6-4B7F-A388-37178778E8BC}"
EndProject
Project("{2150E333-8FDC-42A3-9474-1A3956D46DE8}") = "Chapter_02", "Chapter_02", "{A210E1E5-F919-4B34-A6E5-32AABF049AB3}"
EndProject
Global
	GlobalSection(SolutionConfigurationPlatforms) = preSolution
		Debug|x64 = Debug|x64
		Debug|x86 = Debug|x86
		Release|x64 = Release|x64
		Release|x86 = Release|x86
	EndGlobalSection
	GlobalSection(ProjectConfigurationPlatforms) = postSolution
		{909221E6-C3D3-4045-BF66-14F1A9CE039E}.Debug|x64.ActiveCfg = Debug|x64
		{909221E6-C3D3-4045-BF66-14F1A9CE039E}.Debug|x64.Build.0 = Debug|x64
		{909221E6-C3D3-4045-BF66-14F1A9CE039E}.Debug|x86.ActiveCfg = Debug|Win32
		{909221E6-C3D3-4045-BF66-14F1A9CE039E}.Debug|x86.Build.0 = Debug|Win32
		{909221E6-C3D3-4045-BF66-14F1A9CE039E}.Release|x64.ActiveCfg = Release|x64
		{909221E6-C3D3-4045-BF66-14F1A9CE039E}.Release|x64.Build.0 = Release|x64
		{909221E6-C3D3-4045-BF66-14F1A9CE039E}.Release|x86.ActiveCfg = Release|Win32
		{909221E6-C3D3-4045-BF66-14F1A9CE039E}.Release|x86.Build.0 = Release|Win32
		{40B93D3E-9F4C-4629-95EE-AFF445836FFC}.Debug|x64.ActiveCfg = Debug|x64
		{40B93D3E-9F4C-4629-95EE-AFF445836FFC}.Debug|x64.Build.0 = Debug|x64
		{40B93D3E-9F4C-4629-95EE-AFF445836FFC}.Debug|x86.ActiveCfg = Debug|Win32
		{40B93D3E-9F4C-4629-95EE-AFF445836FFC}.Debug|x86.Build.0 = Debug|Win32
		{40B93D3E-9F4C-4629-95EE-AFF445836FFC}.Release|x64.ActiveCfg = Release|x64
		{40B93D3E-9F4C-4629-95EE-AFF445836FFC}.Release|x64.Build.0 = Release|x64
		{40B93D3E-9F4C-4629-95EE-AFF445836FFC}.Release|x86.ActiveCfg = Release|Win32
		{40B93D3E-9F4C-4629-95EE-AFF445836FFC}.Release|x86.Build.0 = Release|Win32
	EndGlobalSection
	GlobalSection(SolutionProperties) = preSolution
		HideSolutionNode = FALSE
	EndGlobalSection
	GlobalSection(NestedProjects) = preSolution
		{909221E6-C3D3-4045-BF66-14F1A9CE039E} = {912CE214-00D6-4B7F-A388-37178778E8BC}
		{40B93D3E-9F4C-4629-95EE-AFF445836FFC} = {912CE214-00D6-4B7F-A388-37178778E8BC}
	EndGlobalSection
	GlobalSection(ExtensibilityGlobals) = postSolution
		SolutionGuid = {54F0003A-79A7-4D02-A018-18BC58C62E02}
	EndGlobalSection
EndGlobal
